
Microsoft Visual Studio Solution File, Format Version 11.00
# Visual Studio 2010
Project("{8BC9CEB8-8B4A-11D0-8D11-00A0C91BC942}") = "Hehe2D", "Hehe2D\Hehe2D.vcxproj", "{131DE312-9094-4A7C-8544-42C6208DB84D}"
EndProject
Project("{2150E333-8FDC-42A3-9474-1A3956D46DE8}") = "Solution Items", "Solution Items", "{6B321969-D181-4E6D-BA50-6179C7DBAEB0}"
	ProjectSection(SolutionItems) = preProject
		Performance1.psess = Performance1.psess
	EndProjectSection
EndProject
Global
	GlobalSection(SolutionConfigurationPlatforms) = preSolution
		Debug|Win32 = Debug|Win32
		Release|Win32 = Release|Win32
	EndGlobalSection
	GlobalSection(ProjectConfigurationPlatforms) = postSolution
		{131DE312-9094-4A7C-8544-42C6208DB84D}.Debug|Win32.ActiveCfg = Debug|Win32
		{131DE312-9094-4A7C-8544-42C6208DB84D}.Debug|Win32.Build.0 = Debug|Win32
		{131DE312-9094-4A7C-8544-42C6208DB84D}.Release|Win32.ActiveCfg = Release|Win32
		{131DE312-9094-4A7C-8544-42C6208DB84D}.Release|Win32.Build.0 = Release|Win32
	EndGlobalSection
	GlobalSection(SolutionProperties) = preSolution
		HideSolutionNode = FALSE
	EndGlobalSection
EndGlobal
